
Microsoft Visual Studio Solution File, Format Version 12.00
# Visual Studio 2012
Project("{FAE04EC0-301F-11D3-BF4B-00C04F79EFBC}") = "Squiggle.UI", "Squiggle.UI\Squiggle.UI.csproj", "{F45A0E9A-5F9C-404E-BF72-4DDB8A5380E2}"
	ProjectSection(ProjectDependencies) = postProject
		{D469D96B-8840-4645-B74C-A2B6F1ED78DB} = {D469D96B-8840-4645-B74C-A2B6F1ED78DB}
		{09F3AAA3-DC48-4D7C-A665-96FDC23136BD} = {09F3AAA3-DC48-4D7C-A665-96FDC23136BD}
	EndProjectSection
EndProject
Project("{FAE04EC0-301F-11D3-BF4B-00C04F79EFBC}") = "Squiggle.Client", "Squiggle.Client\Squiggle.Client.csproj", "{CF28694A-887E-4118-874F-76F028DAB56E}"
EndProject
Project("{FAE04EC0-301F-11D3-BF4B-00C04F79EFBC}") = "Squiggle.Bridge", "Squiggle.Bridge\Squiggle.Bridge.csproj", "{D832B3DB-16CF-463A-8C80-1DBD581183A2}"
EndProject
Project("{FAE04EC0-301F-11D3-BF4B-00C04F79EFBC}") = "Squiggle.Translate", "Squiggle.Translate\Squiggle.Translate.csproj", "{1A80F613-0D26-4E0B-94B1-2B4F612D75F0}"
EndProject
Project("{FAE04EC0-301F-11D3-BF4B-00C04F79EFBC}") = "Squiggle.Utilities", "Squiggle.Utilities\Squiggle.Utilities.csproj", "{8B57850B-FA7F-4F96-A4A0-BF81BF24E710}"
EndProject
Project("{FAE04EC0-301F-11D3-BF4B-00C04F79EFBC}") = "Squiggle.Multicast", "Squiggle.Multicast\Squiggle.Multicast.csproj", "{B5640D95-713B-4A4D-808F-C1B2511AC95B}"
EndProject
Project("{FAE04EC0-301F-11D3-BF4B-00C04F79EFBC}") = "Squiggle.History", "Squiggle.History\Squiggle.History.csproj", "{C3214C5A-4B20-415E-A62E-F13229264072}"
EndProject
Project("{FAE04EC0-301F-11D3-BF4B-00C04F79EFBC}") = "Squiggle.Core", "Squiggle.Core\Squiggle.Core.csproj", "{CCC71193-64AA-4B92-80C9-7BC688C7FAE3}"
EndProject
Project("{FAE04EC0-301F-11D3-BF4B-00C04F79EFBC}") = "Squiggle.VoiceChat", "Squiggle.VoiceChat\Squiggle.VoiceChat.csproj", "{09F3AAA3-DC48-4D7C-A665-96FDC23136BD}"
EndProject
Project("{FAE04EC0-301F-11D3-BF4B-00C04F79EFBC}") = "Squiggle.FileTransfer", "Squiggle.FileTransfer\Squiggle.FileTransfer.csproj", "{D469D96B-8840-4645-B74C-A2B6F1ED78DB}"
EndProject
Project("{FAE04EC0-301F-11D3-BF4B-00C04F79EFBC}") = "Squiggle.Plugins", "Squiggle.Plugins\Squiggle.Plugins.csproj", "{96855AB0-6FBA-4E3A-AE84-F5942CC59339}"
EndProject
Project("{2150E333-8FDC-42A3-9474-1A3956D46DE8}") = "Activities", "Activities", "{52CF0635-1DEC-4183-A8F9-4258BBEAE736}"
EndProject
Project("{2150E333-8FDC-42A3-9474-1A3956D46DE8}") = "Services", "Services", "{189CCB4C-1C73-4B31-B82E-3FF630DDD76D}"
EndProject
Project("{2150E333-8FDC-42A3-9474-1A3956D46DE8}") = "Framework", "Framework", "{3990AAD7-FED9-4701-9666-CC8F0EB999A1}"
EndProject
Project("{2150E333-8FDC-42A3-9474-1A3956D46DE8}") = "Tools", "Tools", "{1CC2811D-A1BE-43FC-9C02-62881B342298}"
EndProject
Project("{FAE04EC0-301F-11D3-BF4B-00C04F79EFBC}") = "Squiggle.Infrastructure", "Squiggle.Infrastructure\Squiggle.Infrastructure.csproj", "{CC6D9F53-D00B-4554-8642-218AEA987D20}"
EndProject
Project("{930C7802-8A8C-48F9-8165-68863BCCD9DD}") = "Squiggle.Setup", "Squiggle.Setup\Squiggle.Setup.wixproj", "{C8179A48-949C-4CCF-A5BC-30834AC43BA8}"
EndProject
Project("{2150E333-8FDC-42A3-9474-1A3956D46DE8}") = "Build", "Build", "{40B7134A-3034-48AF-B4E8-9A0183F4C7CF}"
	ProjectSection(SolutionItems) = preProject
		Build\Build-Package.ps1 = Build\Build-Package.ps1
		Build\Build.cmd = Build\Build.cmd
	EndProjectSection
EndProject
Global
	GlobalSection(SolutionConfigurationPlatforms) = preSolution
		Debug|x86 = Debug|x86
		Release|x86 = Release|x86
	EndGlobalSection
	GlobalSection(ProjectConfigurationPlatforms) = postSolution
		{F45A0E9A-5F9C-404E-BF72-4DDB8A5380E2}.Debug|x86.ActiveCfg = Debug|x86
		{F45A0E9A-5F9C-404E-BF72-4DDB8A5380E2}.Debug|x86.Build.0 = Debug|x86
		{F45A0E9A-5F9C-404E-BF72-4DDB8A5380E2}.Release|x86.ActiveCfg = Release|x86
		{F45A0E9A-5F9C-404E-BF72-4DDB8A5380E2}.Release|x86.Build.0 = Release|x86
		{CF28694A-887E-4118-874F-76F028DAB56E}.Debug|x86.ActiveCfg = Debug|x86
		{CF28694A-887E-4118-874F-76F028DAB56E}.Debug|x86.Build.0 = Debug|x86
		{CF28694A-887E-4118-874F-76F028DAB56E}.Release|x86.ActiveCfg = Release|x86
		{CF28694A-887E-4118-874F-76F028DAB56E}.Release|x86.Build.0 = Release|x86
		{D832B3DB-16CF-463A-8C80-1DBD581183A2}.Debug|x86.ActiveCfg = Debug|x86
		{D832B3DB-16CF-463A-8C80-1DBD581183A2}.Debug|x86.Build.0 = Debug|x86
		{D832B3DB-16CF-463A-8C80-1DBD581183A2}.Release|x86.ActiveCfg = Release|x86
		{D832B3DB-16CF-463A-8C80-1DBD581183A2}.Release|x86.Build.0 = Release|x86
		{1A80F613-0D26-4E0B-94B1-2B4F612D75F0}.Debug|x86.ActiveCfg = Debug|x86
		{1A80F613-0D26-4E0B-94B1-2B4F612D75F0}.Debug|x86.Build.0 = Debug|x86
		{1A80F613-0D26-4E0B-94B1-2B4F612D75F0}.Release|x86.ActiveCfg = Release|x86
		{1A80F613-0D26-4E0B-94B1-2B4F612D75F0}.Release|x86.Build.0 = Release|x86
		{8B57850B-FA7F-4F96-A4A0-BF81BF24E710}.Debug|x86.ActiveCfg = Debug|x86
		{8B57850B-FA7F-4F96-A4A0-BF81BF24E710}.Debug|x86.Build.0 = Debug|x86
		{8B57850B-FA7F-4F96-A4A0-BF81BF24E710}.Release|x86.ActiveCfg = Release|x86
		{8B57850B-FA7F-4F96-A4A0-BF81BF24E710}.Release|x86.Build.0 = Release|x86
		{B5640D95-713B-4A4D-808F-C1B2511AC95B}.Debug|x86.ActiveCfg = Debug|x86
		{B5640D95-713B-4A4D-808F-C1B2511AC95B}.Debug|x86.Build.0 = Debug|x86
		{B5640D95-713B-4A4D-808F-C1B2511AC95B}.Release|x86.ActiveCfg = Release|x86
		{B5640D95-713B-4A4D-808F-C1B2511AC95B}.Release|x86.Build.0 = Release|x86
		{C3214C5A-4B20-415E-A62E-F13229264072}.Debug|x86.ActiveCfg = Debug|x86
		{C3214C5A-4B20-415E-A62E-F13229264072}.Debug|x86.Build.0 = Debug|x86
		{C3214C5A-4B20-415E-A62E-F13229264072}.Release|x86.ActiveCfg = Release|x86
		{C3214C5A-4B20-415E-A62E-F13229264072}.Release|x86.Build.0 = Release|x86
		{CCC71193-64AA-4B92-80C9-7BC688C7FAE3}.Debug|x86.ActiveCfg = Debug|x86
		{CCC71193-64AA-4B92-80C9-7BC688C7FAE3}.Debug|x86.Build.0 = Debug|x86
		{CCC71193-64AA-4B92-80C9-7BC688C7FAE3}.Release|x86.ActiveCfg = Release|x86
		{CCC71193-64AA-4B92-80C9-7BC688C7FAE3}.Release|x86.Build.0 = Release|x86
		{09F3AAA3-DC48-4D7C-A665-96FDC23136BD}.Debug|x86.ActiveCfg = Debug|x86
		{09F3AAA3-DC48-4D7C-A665-96FDC23136BD}.Debug|x86.Build.0 = Debug|x86
		{09F3AAA3-DC48-4D7C-A665-96FDC23136BD}.Release|x86.ActiveCfg = Release|x86
		{09F3AAA3-DC48-4D7C-A665-96FDC23136BD}.Release|x86.Build.0 = Release|x86
		{D469D96B-8840-4645-B74C-A2B6F1ED78DB}.Debug|x86.ActiveCfg = Debug|x86
		{D469D96B-8840-4645-B74C-A2B6F1ED78DB}.Debug|x86.Build.0 = Debug|x86
		{D469D96B-8840-4645-B74C-A2B6F1ED78DB}.Release|x86.ActiveCfg = Release|x86
		{D469D96B-8840-4645-B74C-A2B6F1ED78DB}.Release|x86.Build.0 = Release|x86
		{96855AB0-6FBA-4E3A-AE84-F5942CC59339}.Debug|x86.ActiveCfg = Debug|x86
		{96855AB0-6FBA-4E3A-AE84-F5942CC59339}.Debug|x86.Build.0 = Debug|x86
		{96855AB0-6FBA-4E3A-AE84-F5942CC59339}.Release|x86.ActiveCfg = Release|x86
		{96855AB0-6FBA-4E3A-AE84-F5942CC59339}.Release|x86.Build.0 = Release|x86
		{CC6D9F53-D00B-4554-8642-218AEA987D20}.Debug|x86.ActiveCfg = Debug|x86
		{CC6D9F53-D00B-4554-8642-218AEA987D20}.Debug|x86.Build.0 = Debug|x86
		{CC6D9F53-D00B-4554-8642-218AEA987D20}.Release|x86.ActiveCfg = Release|x86
		{CC6D9F53-D00B-4554-8642-218AEA987D20}.Release|x86.Build.0 = Release|x86
		{C8179A48-949C-4CCF-A5BC-30834AC43BA8}.Debug|x86.ActiveCfg = Debug|x86
		{C8179A48-949C-4CCF-A5BC-30834AC43BA8}.Release|x86.ActiveCfg = Release|x86
	EndGlobalSection
	GlobalSection(SolutionProperties) = preSolution
		HideSolutionNode = FALSE
	EndGlobalSection
	GlobalSection(NestedProjects) = preSolution
		{8B57850B-FA7F-4F96-A4A0-BF81BF24E710} = {3990AAD7-FED9-4701-9666-CC8F0EB999A1}
		{C3214C5A-4B20-415E-A62E-F13229264072} = {3990AAD7-FED9-4701-9666-CC8F0EB999A1}
		{CCC71193-64AA-4B92-80C9-7BC688C7FAE3} = {3990AAD7-FED9-4701-9666-CC8F0EB999A1}
		{96855AB0-6FBA-4E3A-AE84-F5942CC59339} = {3990AAD7-FED9-4701-9666-CC8F0EB999A1}
		{CF28694A-887E-4118-874F-76F028DAB56E} = {3990AAD7-FED9-4701-9666-CC8F0EB999A1}
		{CC6D9F53-D00B-4554-8642-218AEA987D20} = {3990AAD7-FED9-4701-9666-CC8F0EB999A1}
		{B5640D95-713B-4A4D-808F-C1B2511AC95B} = {189CCB4C-1C73-4B31-B82E-3FF630DDD76D}
		{D832B3DB-16CF-463A-8C80-1DBD581183A2} = {189CCB4C-1C73-4B31-B82E-3FF630DDD76D}
		{1A80F613-0D26-4E0B-94B1-2B4F612D75F0} = {1CC2811D-A1BE-43FC-9C02-62881B342298}
		{C8179A48-949C-4CCF-A5BC-30834AC43BA8} = {1CC2811D-A1BE-43FC-9C02-62881B342298}
		{D469D96B-8840-4645-B74C-A2B6F1ED78DB} = {52CF0635-1DEC-4183-A8F9-4258BBEAE736}
		{09F3AAA3-DC48-4D7C-A665-96FDC23136BD} = {52CF0635-1DEC-4183-A8F9-4258BBEAE736}
	EndGlobalSection
EndGlobal
