
Microsoft Visual Studio Solution File, Format Version 11.00
# Visual Studio 2010
Project("{FAE04EC0-301F-11D3-BF4B-00C04F79EFBC}") = "Squiggle.UI", "Squiggle.UI\Squiggle.UI.csproj", "{F45A0E9A-5F9C-404E-BF72-4DDB8A5380E2}"
EndProject
Project("{FAE04EC0-301F-11D3-BF4B-00C04F79EFBC}") = "Squiggle.Chat", "Squiggle.Chat\Squiggle.Chat.csproj", "{CF28694A-887E-4118-874F-76F028DAB56E}"
EndProject
Project("{FAE04EC0-301F-11D3-BF4B-00C04F79EFBC}") = "Squiggle.Test", "Squiggle.Test\Squiggle.Test.csproj", "{CF4064C3-FA78-48C3-9846-D8837804C88C}"
EndProject
Project("{FAE04EC0-301F-11D3-BF4B-00C04F79EFBC}") = "Squiggle.Bridge", "Squiggle.Bridge\Squiggle.Bridge.csproj", "{D832B3DB-16CF-463A-8C80-1DBD581183A2}"
EndProject
Project("{FAE04EC0-301F-11D3-BF4B-00C04F79EFBC}") = "Squiggle.Translate", "Squiggle.Translate\Squiggle.Translate.csproj", "{1A80F613-0D26-4E0B-94B1-2B4F612D75F0}"
EndProject
Project("{FAE04EC0-301F-11D3-BF4B-00C04F79EFBC}") = "Squiggle.Utilities", "Squiggle.Utilities\Squiggle.Utilities.csproj", "{8B57850B-FA7F-4F96-A4A0-BF81BF24E710}"
EndProject
Project("{FAE04EC0-301F-11D3-BF4B-00C04F79EFBC}") = "Squiggle.Multicast", "Squiggle.Multicast\Squiggle.Multicast.csproj", "{B5640D95-713B-4A4D-808F-C1B2511AC95B}"
EndProject
Project("{FAE04EC0-301F-11D3-BF4B-00C04F79EFBC}") = "Squiggle.History", "Squiggle.History\Squiggle.History.csproj", "{C3214C5A-4B20-415E-A62E-F13229264072}"
EndProject
Global
	GlobalSection(SolutionConfigurationPlatforms) = preSolution
		Debug|Any CPU = Debug|Any CPU
		Debug|Mixed Platforms = Debug|Mixed Platforms
		Debug|x86 = Debug|x86
		Release|Any CPU = Release|Any CPU
		Release|Mixed Platforms = Release|Mixed Platforms
		Release|x86 = Release|x86
	EndGlobalSection
	GlobalSection(ProjectConfigurationPlatforms) = postSolution
		{F45A0E9A-5F9C-404E-BF72-4DDB8A5380E2}.Debug|Any CPU.ActiveCfg = Debug|x86
		{F45A0E9A-5F9C-404E-BF72-4DDB8A5380E2}.Debug|Mixed Platforms.ActiveCfg = Debug|x86
		{F45A0E9A-5F9C-404E-BF72-4DDB8A5380E2}.Debug|Mixed Platforms.Build.0 = Debug|x86
		{F45A0E9A-5F9C-404E-BF72-4DDB8A5380E2}.Debug|x86.ActiveCfg = Debug|x86
		{F45A0E9A-5F9C-404E-BF72-4DDB8A5380E2}.Debug|x86.Build.0 = Debug|x86
		{F45A0E9A-5F9C-404E-BF72-4DDB8A5380E2}.Release|Any CPU.ActiveCfg = Release|x86
		{F45A0E9A-5F9C-404E-BF72-4DDB8A5380E2}.Release|Mixed Platforms.ActiveCfg = Release|x86
		{F45A0E9A-5F9C-404E-BF72-4DDB8A5380E2}.Release|Mixed Platforms.Build.0 = Release|x86
		{F45A0E9A-5F9C-404E-BF72-4DDB8A5380E2}.Release|x86.ActiveCfg = Release|x86
		{F45A0E9A-5F9C-404E-BF72-4DDB8A5380E2}.Release|x86.Build.0 = Release|x86
		{CF28694A-887E-4118-874F-76F028DAB56E}.Debug|Any CPU.ActiveCfg = Debug|x86
		{CF28694A-887E-4118-874F-76F028DAB56E}.Debug|Mixed Platforms.ActiveCfg = Debug|x86
		{CF28694A-887E-4118-874F-76F028DAB56E}.Debug|Mixed Platforms.Build.0 = Debug|x86
		{CF28694A-887E-4118-874F-76F028DAB56E}.Debug|x86.ActiveCfg = Debug|x86
		{CF28694A-887E-4118-874F-76F028DAB56E}.Debug|x86.Build.0 = Debug|x86
		{CF28694A-887E-4118-874F-76F028DAB56E}.Release|Any CPU.ActiveCfg = Release|x86
		{CF28694A-887E-4118-874F-76F028DAB56E}.Release|Mixed Platforms.ActiveCfg = Release|x86
		{CF28694A-887E-4118-874F-76F028DAB56E}.Release|Mixed Platforms.Build.0 = Release|x86
		{CF28694A-887E-4118-874F-76F028DAB56E}.Release|x86.ActiveCfg = Release|x86
		{CF28694A-887E-4118-874F-76F028DAB56E}.Release|x86.Build.0 = Release|x86
		{CF4064C3-FA78-48C3-9846-D8837804C88C}.Debug|Any CPU.ActiveCfg = Debug|x86
		{CF4064C3-FA78-48C3-9846-D8837804C88C}.Debug|Mixed Platforms.ActiveCfg = Debug|x86
		{CF4064C3-FA78-48C3-9846-D8837804C88C}.Debug|Mixed Platforms.Build.0 = Debug|x86
		{CF4064C3-FA78-48C3-9846-D8837804C88C}.Debug|x86.ActiveCfg = Debug|x86
		{CF4064C3-FA78-48C3-9846-D8837804C88C}.Debug|x86.Build.0 = Debug|x86
		{CF4064C3-FA78-48C3-9846-D8837804C88C}.Release|Any CPU.ActiveCfg = Release|x86
		{CF4064C3-FA78-48C3-9846-D8837804C88C}.Release|Mixed Platforms.ActiveCfg = Release|x86
		{CF4064C3-FA78-48C3-9846-D8837804C88C}.Release|Mixed Platforms.Build.0 = Release|x86
		{CF4064C3-FA78-48C3-9846-D8837804C88C}.Release|x86.ActiveCfg = Release|x86
		{CF4064C3-FA78-48C3-9846-D8837804C88C}.Release|x86.Build.0 = Release|x86
		{D832B3DB-16CF-463A-8C80-1DBD581183A2}.Debug|Any CPU.ActiveCfg = Debug|x86
		{D832B3DB-16CF-463A-8C80-1DBD581183A2}.Debug|Mixed Platforms.ActiveCfg = Debug|x86
		{D832B3DB-16CF-463A-8C80-1DBD581183A2}.Debug|Mixed Platforms.Build.0 = Debug|x86
		{D832B3DB-16CF-463A-8C80-1DBD581183A2}.Debug|x86.ActiveCfg = Debug|x86
		{D832B3DB-16CF-463A-8C80-1DBD581183A2}.Debug|x86.Build.0 = Debug|x86
		{D832B3DB-16CF-463A-8C80-1DBD581183A2}.Release|Any CPU.ActiveCfg = Release|x86
		{D832B3DB-16CF-463A-8C80-1DBD581183A2}.Release|Mixed Platforms.ActiveCfg = Release|x86
		{D832B3DB-16CF-463A-8C80-1DBD581183A2}.Release|Mixed Platforms.Build.0 = Release|x86
		{D832B3DB-16CF-463A-8C80-1DBD581183A2}.Release|x86.ActiveCfg = Release|x86
		{D832B3DB-16CF-463A-8C80-1DBD581183A2}.Release|x86.Build.0 = Release|x86
		{1A80F613-0D26-4E0B-94B1-2B4F612D75F0}.Debug|Any CPU.ActiveCfg = Debug|x86
		{1A80F613-0D26-4E0B-94B1-2B4F612D75F0}.Debug|Mixed Platforms.ActiveCfg = Debug|x86
		{1A80F613-0D26-4E0B-94B1-2B4F612D75F0}.Debug|Mixed Platforms.Build.0 = Debug|x86
		{1A80F613-0D26-4E0B-94B1-2B4F612D75F0}.Debug|x86.ActiveCfg = Debug|x86
		{1A80F613-0D26-4E0B-94B1-2B4F612D75F0}.Debug|x86.Build.0 = Debug|x86
		{1A80F613-0D26-4E0B-94B1-2B4F612D75F0}.Release|Any CPU.ActiveCfg = Release|x86
		{1A80F613-0D26-4E0B-94B1-2B4F612D75F0}.Release|Mixed Platforms.ActiveCfg = Release|x86
		{1A80F613-0D26-4E0B-94B1-2B4F612D75F0}.Release|Mixed Platforms.Build.0 = Release|x86
		{1A80F613-0D26-4E0B-94B1-2B4F612D75F0}.Release|x86.ActiveCfg = Release|x86
		{1A80F613-0D26-4E0B-94B1-2B4F612D75F0}.Release|x86.Build.0 = Release|x86
		{8B57850B-FA7F-4F96-A4A0-BF81BF24E710}.Debug|Any CPU.ActiveCfg = Debug|x86
		{8B57850B-FA7F-4F96-A4A0-BF81BF24E710}.Debug|Mixed Platforms.ActiveCfg = Debug|x86
		{8B57850B-FA7F-4F96-A4A0-BF81BF24E710}.Debug|Mixed Platforms.Build.0 = Debug|x86
		{8B57850B-FA7F-4F96-A4A0-BF81BF24E710}.Debug|x86.ActiveCfg = Debug|x86
		{8B57850B-FA7F-4F96-A4A0-BF81BF24E710}.Debug|x86.Build.0 = Debug|x86
		{8B57850B-FA7F-4F96-A4A0-BF81BF24E710}.Release|Any CPU.ActiveCfg = Release|x86
		{8B57850B-FA7F-4F96-A4A0-BF81BF24E710}.Release|Mixed Platforms.ActiveCfg = Release|x86
		{8B57850B-FA7F-4F96-A4A0-BF81BF24E710}.Release|Mixed Platforms.Build.0 = Release|x86
		{8B57850B-FA7F-4F96-A4A0-BF81BF24E710}.Release|x86.ActiveCfg = Release|x86
		{8B57850B-FA7F-4F96-A4A0-BF81BF24E710}.Release|x86.Build.0 = Release|x86
		{B5640D95-713B-4A4D-808F-C1B2511AC95B}.Debug|Any CPU.ActiveCfg = Debug|x86
		{B5640D95-713B-4A4D-808F-C1B2511AC95B}.Debug|Mixed Platforms.ActiveCfg = Debug|x86
		{B5640D95-713B-4A4D-808F-C1B2511AC95B}.Debug|Mixed Platforms.Build.0 = Debug|x86
		{B5640D95-713B-4A4D-808F-C1B2511AC95B}.Debug|x86.ActiveCfg = Debug|x86
		{B5640D95-713B-4A4D-808F-C1B2511AC95B}.Debug|x86.Build.0 = Debug|x86
		{B5640D95-713B-4A4D-808F-C1B2511AC95B}.Release|Any CPU.ActiveCfg = Release|x86
		{B5640D95-713B-4A4D-808F-C1B2511AC95B}.Release|Mixed Platforms.ActiveCfg = Release|x86
		{B5640D95-713B-4A4D-808F-C1B2511AC95B}.Release|Mixed Platforms.Build.0 = Release|x86
		{B5640D95-713B-4A4D-808F-C1B2511AC95B}.Release|x86.ActiveCfg = Release|x86
		{B5640D95-713B-4A4D-808F-C1B2511AC95B}.Release|x86.Build.0 = Release|x86
		{C3214C5A-4B20-415E-A62E-F13229264072}.Debug|Any CPU.ActiveCfg = Debug|Any CPU
		{C3214C5A-4B20-415E-A62E-F13229264072}.Debug|Any CPU.Build.0 = Debug|Any CPU
		{C3214C5A-4B20-415E-A62E-F13229264072}.Debug|Mixed Platforms.ActiveCfg = Debug|Any CPU
		{C3214C5A-4B20-415E-A62E-F13229264072}.Debug|Mixed Platforms.Build.0 = Debug|Any CPU
		{C3214C5A-4B20-415E-A62E-F13229264072}.Debug|x86.ActiveCfg = Debug|Any CPU
		{C3214C5A-4B20-415E-A62E-F13229264072}.Release|Any CPU.ActiveCfg = Release|Any CPU
		{C3214C5A-4B20-415E-A62E-F13229264072}.Release|Any CPU.Build.0 = Release|Any CPU
		{C3214C5A-4B20-415E-A62E-F13229264072}.Release|Mixed Platforms.ActiveCfg = Release|Any CPU
		{C3214C5A-4B20-415E-A62E-F13229264072}.Release|Mixed Platforms.Build.0 = Release|Any CPU
		{C3214C5A-4B20-415E-A62E-F13229264072}.Release|x86.ActiveCfg = Release|Any CPU
	EndGlobalSection
	GlobalSection(SolutionProperties) = preSolution
		HideSolutionNode = FALSE
	EndGlobalSection
EndGlobal
