
Microsoft Visual Studio Solution File, Format Version 11.00
# Visual Studio 2010
Project("{FAE04EC0-301F-11D3-BF4B-00C04F79EFBC}") = "Squiggle.UI", "Squiggle.UI\Squiggle.UI.csproj", "{F45A0E9A-5F9C-404E-BF72-4DDB8A5380E2}"
	ProjectSection(ProjectDependencies) = postProject
		{D469D96B-8840-4645-B74C-A2B6F1ED78DB} = {D469D96B-8840-4645-B74C-A2B6F1ED78DB}
		{09F3AAA3-DC48-4D7C-A665-96FDC23136BD} = {09F3AAA3-DC48-4D7C-A665-96FDC23136BD}
	EndProjectSection
EndProject
Project("{FAE04EC0-301F-11D3-BF4B-00C04F79EFBC}") = "Squiggle.Chat", "Squiggle.Chat\Squiggle.Chat.csproj", "{CF28694A-887E-4118-874F-76F028DAB56E}"
EndProject
Project("{FAE04EC0-301F-11D3-BF4B-00C04F79EFBC}") = "Squiggle.Bridge", "Squiggle.Bridge\Squiggle.Bridge.csproj", "{D832B3DB-16CF-463A-8C80-1DBD581183A2}"
EndProject
Project("{FAE04EC0-301F-11D3-BF4B-00C04F79EFBC}") = "Squiggle.Translate", "Squiggle.Translate\Squiggle.Translate.csproj", "{1A80F613-0D26-4E0B-94B1-2B4F612D75F0}"
EndProject
Project("{FAE04EC0-301F-11D3-BF4B-00C04F79EFBC}") = "Squiggle.Utilities", "Squiggle.Utilities\Squiggle.Utilities.csproj", "{8B57850B-FA7F-4F96-A4A0-BF81BF24E710}"
EndProject
Project("{FAE04EC0-301F-11D3-BF4B-00C04F79EFBC}") = "Squiggle.Multicast", "Squiggle.Multicast\Squiggle.Multicast.csproj", "{B5640D95-713B-4A4D-808F-C1B2511AC95B}"
EndProject
Project("{FAE04EC0-301F-11D3-BF4B-00C04F79EFBC}") = "Squiggle.History", "Squiggle.History\Squiggle.History.csproj", "{C3214C5A-4B20-415E-A62E-F13229264072}"
EndProject
Project("{FAE04EC0-301F-11D3-BF4B-00C04F79EFBC}") = "Squiggle.Core", "Squiggle.Core\Squiggle.Core.csproj", "{CCC71193-64AA-4B92-80C9-7BC688C7FAE3}"
EndProject
Project("{FAE04EC0-301F-11D3-BF4B-00C04F79EFBC}") = "Squiggle.Activities.VoiceChat", "Squiggle.Activities.VoiceChat\Squiggle.Activities.VoiceChat.csproj", "{09F3AAA3-DC48-4D7C-A665-96FDC23136BD}"
EndProject
Project("{FAE04EC0-301F-11D3-BF4B-00C04F79EFBC}") = "Squiggle.Activities.FileTransfer", "Squiggle.Activities.FileTransfer\Squiggle.Activities.FileTransfer.csproj", "{D469D96B-8840-4645-B74C-A2B6F1ED78DB}"
EndProject
Project("{FAE04EC0-301F-11D3-BF4B-00C04F79EFBC}") = "Squiggle.Activities", "Squiggle.Activities\Squiggle.Activities.csproj", "{4B76F79B-8707-4163-AA3E-8307BC93C450}"
EndProject
Global
	GlobalSection(SolutionConfigurationPlatforms) = preSolution
		Debug|x86 = Debug|x86
		Release|x86 = Release|x86
	EndGlobalSection
	GlobalSection(ProjectConfigurationPlatforms) = postSolution
		{F45A0E9A-5F9C-404E-BF72-4DDB8A5380E2}.Debug|x86.ActiveCfg = Debug|x86
		{F45A0E9A-5F9C-404E-BF72-4DDB8A5380E2}.Debug|x86.Build.0 = Debug|x86
		{F45A0E9A-5F9C-404E-BF72-4DDB8A5380E2}.Release|x86.ActiveCfg = Release|x86
		{F45A0E9A-5F9C-404E-BF72-4DDB8A5380E2}.Release|x86.Build.0 = Release|x86
		{CF28694A-887E-4118-874F-76F028DAB56E}.Debug|x86.ActiveCfg = Debug|x86
		{CF28694A-887E-4118-874F-76F028DAB56E}.Debug|x86.Build.0 = Debug|x86
		{CF28694A-887E-4118-874F-76F028DAB56E}.Release|x86.ActiveCfg = Release|x86
		{CF28694A-887E-4118-874F-76F028DAB56E}.Release|x86.Build.0 = Release|x86
		{D832B3DB-16CF-463A-8C80-1DBD581183A2}.Debug|x86.ActiveCfg = Debug|x86
		{D832B3DB-16CF-463A-8C80-1DBD581183A2}.Debug|x86.Build.0 = Debug|x86
		{D832B3DB-16CF-463A-8C80-1DBD581183A2}.Release|x86.ActiveCfg = Release|x86
		{D832B3DB-16CF-463A-8C80-1DBD581183A2}.Release|x86.Build.0 = Release|x86
		{1A80F613-0D26-4E0B-94B1-2B4F612D75F0}.Debug|x86.ActiveCfg = Debug|x86
		{1A80F613-0D26-4E0B-94B1-2B4F612D75F0}.Debug|x86.Build.0 = Debug|x86
		{1A80F613-0D26-4E0B-94B1-2B4F612D75F0}.Release|x86.ActiveCfg = Release|x86
		{1A80F613-0D26-4E0B-94B1-2B4F612D75F0}.Release|x86.Build.0 = Release|x86
		{8B57850B-FA7F-4F96-A4A0-BF81BF24E710}.Debug|x86.ActiveCfg = Debug|x86
		{8B57850B-FA7F-4F96-A4A0-BF81BF24E710}.Debug|x86.Build.0 = Debug|x86
		{8B57850B-FA7F-4F96-A4A0-BF81BF24E710}.Release|x86.ActiveCfg = Release|x86
		{8B57850B-FA7F-4F96-A4A0-BF81BF24E710}.Release|x86.Build.0 = Release|x86
		{B5640D95-713B-4A4D-808F-C1B2511AC95B}.Debug|x86.ActiveCfg = Debug|x86
		{B5640D95-713B-4A4D-808F-C1B2511AC95B}.Debug|x86.Build.0 = Debug|x86
		{B5640D95-713B-4A4D-808F-C1B2511AC95B}.Release|x86.ActiveCfg = Release|x86
		{B5640D95-713B-4A4D-808F-C1B2511AC95B}.Release|x86.Build.0 = Release|x86
		{C3214C5A-4B20-415E-A62E-F13229264072}.Debug|x86.ActiveCfg = Debug|x86
		{C3214C5A-4B20-415E-A62E-F13229264072}.Debug|x86.Build.0 = Debug|x86
		{C3214C5A-4B20-415E-A62E-F13229264072}.Release|x86.ActiveCfg = Release|x86
		{C3214C5A-4B20-415E-A62E-F13229264072}.Release|x86.Build.0 = Release|x86
		{CCC71193-64AA-4B92-80C9-7BC688C7FAE3}.Debug|x86.ActiveCfg = Debug|x86
		{CCC71193-64AA-4B92-80C9-7BC688C7FAE3}.Debug|x86.Build.0 = Debug|x86
		{CCC71193-64AA-4B92-80C9-7BC688C7FAE3}.Release|x86.ActiveCfg = Release|x86
		{CCC71193-64AA-4B92-80C9-7BC688C7FAE3}.Release|x86.Build.0 = Release|x86
		{09F3AAA3-DC48-4D7C-A665-96FDC23136BD}.Debug|x86.ActiveCfg = Debug|x86
		{09F3AAA3-DC48-4D7C-A665-96FDC23136BD}.Debug|x86.Build.0 = Debug|x86
		{09F3AAA3-DC48-4D7C-A665-96FDC23136BD}.Release|x86.ActiveCfg = Release|x86
		{09F3AAA3-DC48-4D7C-A665-96FDC23136BD}.Release|x86.Build.0 = Release|x86
		{D469D96B-8840-4645-B74C-A2B6F1ED78DB}.Debug|x86.ActiveCfg = Debug|x86
		{D469D96B-8840-4645-B74C-A2B6F1ED78DB}.Debug|x86.Build.0 = Debug|x86
		{D469D96B-8840-4645-B74C-A2B6F1ED78DB}.Release|x86.ActiveCfg = Release|x86
		{D469D96B-8840-4645-B74C-A2B6F1ED78DB}.Release|x86.Build.0 = Release|x86
		{4B76F79B-8707-4163-AA3E-8307BC93C450}.Debug|x86.ActiveCfg = Debug|x86
		{4B76F79B-8707-4163-AA3E-8307BC93C450}.Debug|x86.Build.0 = Debug|x86
		{4B76F79B-8707-4163-AA3E-8307BC93C450}.Release|x86.ActiveCfg = Release|x86
		{4B76F79B-8707-4163-AA3E-8307BC93C450}.Release|x86.Build.0 = Release|x86
	EndGlobalSection
	GlobalSection(SolutionProperties) = preSolution
		HideSolutionNode = FALSE
	EndGlobalSection
EndGlobal
